
Microsoft Visual Studio Solution File, Format Version 12.00
# Visual Studio Version 16
VisualStudioVersion = 16.0.30114.105
MinimumVisualStudioVersion = 10.0.40219.1
Project("{FAE04EC0-301F-11D3-BF4B-00C04F79EFBC}") = "Eleicoes", "Eleicoes\Eleicoes.csproj", "{64F2BDE5-45E9-4C36-A361-92FBAC11DDA4}"
EndProject
Global
	GlobalSection(SolutionConfigurationPlatforms) = preSolution
		Debug|Any CPU = Debug|Any CPU
		Release|Any CPU = Release|Any CPU
	EndGlobalSection
	GlobalSection(ProjectConfigurationPlatforms) = postSolution
		{64F2BDE5-45E9-4C36-A361-92FBAC11DDA4}.Debug|Any CPU.ActiveCfg = Debug|Any CPU
		{64F2BDE5-45E9-4C36-A361-92FBAC11DDA4}.Debug|Any CPU.Build.0 = Debug|Any CPU
		{64F2BDE5-45E9-4C36-A361-92FBAC11DDA4}.Release|Any CPU.ActiveCfg = Release|Any CPU
		{64F2BDE5-45E9-4C36-A361-92FBAC11DDA4}.Release|Any CPU.Build.0 = Release|Any CPU
	EndGlobalSection
	GlobalSection(SolutionProperties) = preSolution
		HideSolutionNode = FALSE
	EndGlobalSection
	GlobalSection(ExtensibilityGlobals) = postSolution
		SolutionGuid = {2103E9A9-79A2-49BD-BA91-687864F90AD9}
	EndGlobalSection
EndGlobal
